{"version":4,"terraform_version":"1.10.2","serial":6,"lineage":"0086e4c6-9f77-9850-56c9-762163bd143f","outputs":{"active_infrastructure_summary":{"value":{"laboon_cluster":{"laboon-1":"192.168.0.4","laboon-2":"192.168.0.5","laboon-3":"192.168.0.6"},"yuda_server":{"yuda":"192.168.0.13"}},"type":["object",{"laboon_cluster":["object",{"laboon-1":"string","laboon-2":"string","laboon-3":"string"}],"yuda_server":["object",{"yuda":"string"}]}]},"lxc_container_details":{"value":{},"type":["object",{}]},"qemu_vm_details":{"value":{"laboon_cluster/laboon-1":{"default_user":"dev","hostname":"laboon-1","ip_address":"192.168.0.4","tags":["cluster","laboon","kubernetes-worker"],"vmid":1002},"laboon_cluster/laboon-2":{"default_user":"dev","hostname":"laboon-2","ip_address":"192.168.0.5","tags":["cluster","laboon","kubernetes-worker"],"vmid":1003},"laboon_cluster/laboon-3":{"default_user":"dev","hostname":"laboon-3","ip_address":"192.168.0.6","tags":["cluster","laboon","kubernetes-worker"],"vmid":1004},"yuda_server/yuda":{"default_user":"dev","hostname":"yuda","ip_address":"192.168.0.13","tags":["standalone","yuda"],"vmid":1011}},"type":["object",{"laboon_cluster/laboon-1":["object",{"default_user":"string","hostname":"string","ip_address":"string","tags":["list","string"],"vmid":"number"}],"laboon_cluster/laboon-2":["object",{"default_user":"string","hostname":"string","ip_address":"string","tags":["list","string"],"vmid":"number"}],"laboon_cluster/laboon-3":["object",{"default_user":"string","hostname":"string","ip_address":"string","tags":["list","string"],"vmid":"number"}],"yuda_server/yuda":["object",{"default_user":"string","hostname":"string","ip_address":"string","tags":["list","string"],"vmid":"number"}]}]}},"resources":[{"mode":"managed","type":"proxmox_vm_qemu","name":"qemu_servers","provider":"provider[\"registry.opentofu.org/telmate/proxmox\"]","instances":[{"index_key":"laboon_cluster/laboon-1","schema_version":0,"attributes":{"additional_wait":5,"agent":1,"agent_timeout":90,"args":"","automatic_reboot":true,"balloon":0,"bios":"ovmf","boot":"order=virtio0;net0","bootdisk":"","ci_wait":null,"cicustom":null,"cipassword":"dev","ciupgrade":true,"ciuser":"dev","clone":"ubuntu-cloud-init","clone_id":null,"clone_wait":10,"cores":0,"cpu":[{"affinity":"","cores":1,"flags":[],"limit":0,"numa":false,"sockets":1,"type":"host","units":0,"vcores":0}],"cpu_type":"","current_node":"moo-moo","default_ipv4_address":"","default_ipv6_address":null,"define_connection_info":true,"desc":"Managed by Terraform.","disk":[],"disks":[{"ide":[{"ide0":[],"ide1":[{"cdrom":[],"cloudinit":[{"storage":"local-lvm"}],"disk":[],"ignore":false,"passthrough":[]}],"ide2":[],"ide3":[]}],"sata":[],"scsi":[],"virtio":[{"virtio0":[{"cdrom":[],"disk":[{"asyncio":"","backup":true,"cache":"","discard":true,"format":"raw","id":2,"iops_r_burst":0,"iops_r_burst_length":0,"iops_r_concurrent":0,"iops_wr_burst":0,"iops_wr_burst_length":0,"iops_wr_concurrent":0,"iothread":true,"linked_disk_id":-1,"mbps_r_burst":0,"mbps_r_concurrent":0,"mbps_wr_burst":0,"mbps_wr_concurrent":0,"readonly":false,"replicate":false,"serial":"","size":"10G","storage":"local-lvm","wwn":""}],"ignore":false,"passthrough":[]}],"virtio1":[],"virtio10":[],"virtio11":[],"virtio12":[],"virtio13":[],"virtio14":[],"virtio15":[],"virtio2":[],"virtio3":[],"virtio4":[],"virtio5":[],"virtio6":[],"virtio7":[],"virtio8":[],"virtio9":[]}]}],"efidisk":[],"force_create":false,"force_recreate_on_change_of":null,"full_clone":true,"hagroup":"","hastate":"","hostpci":[],"hotplug":"network,disk,usb","id":"moo-moo/qemu/1002","ipconfig0":"ip=192.168.0.4/24,gw=192.168.0.1","ipconfig1":null,"ipconfig10":null,"ipconfig11":null,"ipconfig12":null,"ipconfig13":null,"ipconfig14":null,"ipconfig15":null,"ipconfig2":null,"ipconfig3":null,"ipconfig4":null,"ipconfig5":null,"ipconfig6":null,"ipconfig7":null,"ipconfig8":null,"ipconfig9":null,"kvm":true,"linked_vmid":0,"machine":"q35","memory":1024,"name":"laboon-1","nameserver":null,"network":[{"bridge":"vmbr0","firewall":false,"id":0,"link_down":false,"macaddr":"bc:24:11:32:d3:7d","model":"virtio","mtu":0,"queues":0,"rate":0,"tag":0}],"numa":false,"onboot":false,"os_network_config":null,"os_type":"cloud-init","pci":[],"pcis":[],"pool":"","protection":false,"pxe":null,"qemu_os":"l26","reboot_required":false,"scsihw":"virtio-scsi-single","searchdomain":null,"serial":[{"id":0,"type":"socket"}],"skip_ipv4":false,"skip_ipv6":false,"smbios":[{"family":"","manufacturer":"","product":"","serial":"","sku":"","uuid":"2cba2cde-f4e6-4c5a-a81d-f96d04f097e8","version":""}],"sockets":0,"ssh_forward_ip":null,"ssh_host":"","ssh_port":"","ssh_private_key":null,"ssh_user":null,"sshkeys":"ssh-ed25519 AAAAC3NzaC1lZDI1NTE5AAAAIDwC01G8nJScuxp7Cga8uUsnHUW2IpXXiiTw1gzhEL4P RyzenWindows\n","startup":"","tablet":true,"tags":"cluster;kubernetes-worker;laboon","target_node":"moo-moo","target_nodes":null,"timeouts":null,"tpm_state":[],"unused_disk":[{"file":"vm-1002-disk-1","slot":0,"storage":"local-lvm"}],"usb":[],"usbs":[],"vcpus":0,"vga":[],"vm_state":"stopped","vmid":1002},"sensitive_attributes":[[{"type":"get_attr","value":"cipassword"}],[{"type":"get_attr","value":"sshkeys"}],[{"type":"get_attr","value":"ssh_private_key"}]],"private":"eyJlMmJmYjczMC1lY2FhLTExZTYtOGY4OC0zNDM2M2JjN2M0YzAiOnsiY3JlYXRlIjoxMjAwMDAwMDAwMDAwLCJkZWZhdWx0IjoxMjAwMDAwMDAwMDAwLCJkZWxldGUiOjEyMDAwMDAwMDAwMDAsInJlYWQiOjEyMDAwMDAwMDAwMDAsInVwZGF0ZSI6MTIwMDAwMDAwMDAwMH19"},{"index_key":"laboon_cluster/laboon-2","schema_version":0,"attributes":{"additional_wait":5,"agent":1,"agent_timeout":90,"args":"","automatic_reboot":true,"balloon":0,"bios":"ovmf","boot":"order=virtio0;net0","bootdisk":"","ci_wait":null,"cicustom":null,"cipassword":"dev","ciupgrade":true,"ciuser":"dev","clone":"ubuntu-cloud-init","clone_id":null,"clone_wait":10,"cores":0,"cpu":[{"affinity":"","cores":1,"flags":[],"limit":0,"numa":false,"sockets":1,"type":"host","units":0,"vcores":0}],"cpu_type":"","current_node":"moo-moo","default_ipv4_address":"","default_ipv6_address":null,"define_connection_info":true,"desc":"Managed by Terraform.","disk":[],"disks":[{"ide":[{"ide0":[],"ide1":[{"cdrom":[],"cloudinit":[{"storage":"local-lvm"}],"disk":[],"ignore":false,"passthrough":[]}],"ide2":[],"ide3":[]}],"sata":[],"scsi":[],"virtio":[{"virtio0":[{"cdrom":[],"disk":[{"asyncio":"","backup":true,"cache":"","discard":true,"format":"raw","id":2,"iops_r_burst":0,"iops_r_burst_length":0,"iops_r_concurrent":0,"iops_wr_burst":0,"iops_wr_burst_length":0,"iops_wr_concurrent":0,"iothread":true,"linked_disk_id":-1,"mbps_r_burst":0,"mbps_r_concurrent":0,"mbps_wr_burst":0,"mbps_wr_concurrent":0,"readonly":false,"replicate":false,"serial":"","size":"10G","storage":"local-lvm","wwn":""}],"ignore":false,"passthrough":[]}],"virtio1":[],"virtio10":[],"virtio11":[],"virtio12":[],"virtio13":[],"virtio14":[],"virtio15":[],"virtio2":[],"virtio3":[],"virtio4":[],"virtio5":[],"virtio6":[],"virtio7":[],"virtio8":[],"virtio9":[]}]}],"efidisk":[],"force_create":false,"force_recreate_on_change_of":null,"full_clone":true,"hagroup":"","hastate":"","hostpci":[],"hotplug":"network,disk,usb","id":"moo-moo/qemu/1003","ipconfig0":"ip=192.168.0.5/24,gw=192.168.0.1","ipconfig1":null,"ipconfig10":null,"ipconfig11":null,"ipconfig12":null,"ipconfig13":null,"ipconfig14":null,"ipconfig15":null,"ipconfig2":null,"ipconfig3":null,"ipconfig4":null,"ipconfig5":null,"ipconfig6":null,"ipconfig7":null,"ipconfig8":null,"ipconfig9":null,"kvm":true,"linked_vmid":0,"machine":"q35","memory":1024,"name":"laboon-2","nameserver":null,"network":[{"bridge":"vmbr0","firewall":false,"id":0,"link_down":false,"macaddr":"bc:24:11:a2:a7:26","model":"virtio","mtu":0,"queues":0,"rate":0,"tag":0}],"numa":false,"onboot":false,"os_network_config":null,"os_type":"cloud-init","pci":[],"pcis":[],"pool":"","protection":false,"pxe":null,"qemu_os":"l26","reboot_required":false,"scsihw":"virtio-scsi-single","searchdomain":null,"serial":[{"id":0,"type":"socket"}],"skip_ipv4":false,"skip_ipv6":false,"smbios":[{"family":"","manufacturer":"","product":"","serial":"","sku":"","uuid":"e04ec4b1-f31b-44bc-aa60-cef275892ec2","version":""}],"sockets":0,"ssh_forward_ip":null,"ssh_host":"","ssh_port":"","ssh_private_key":null,"ssh_user":null,"sshkeys":"ssh-ed25519 AAAAC3NzaC1lZDI1NTE5AAAAIDwC01G8nJScuxp7Cga8uUsnHUW2IpXXiiTw1gzhEL4P RyzenWindows\n","startup":"","tablet":true,"tags":"cluster;kubernetes-worker;laboon","target_node":"moo-moo","target_nodes":null,"timeouts":null,"tpm_state":[],"unused_disk":[{"file":"vm-1003-disk-1","slot":0,"storage":"local-lvm"}],"usb":[],"usbs":[],"vcpus":0,"vga":[],"vm_state":"stopped","vmid":1003},"sensitive_attributes":[[{"type":"get_attr","value":"cipassword"}],[{"type":"get_attr","value":"sshkeys"}],[{"type":"get_attr","value":"ssh_private_key"}]],"private":"eyJlMmJmYjczMC1lY2FhLTExZTYtOGY4OC0zNDM2M2JjN2M0YzAiOnsiY3JlYXRlIjoxMjAwMDAwMDAwMDAwLCJkZWZhdWx0IjoxMjAwMDAwMDAwMDAwLCJkZWxldGUiOjEyMDAwMDAwMDAwMDAsInJlYWQiOjEyMDAwMDAwMDAwMDAsInVwZGF0ZSI6MTIwMDAwMDAwMDAwMH19"},{"index_key":"laboon_cluster/laboon-3","schema_version":0,"attributes":{"additional_wait":5,"agent":1,"agent_timeout":90,"args":"","automatic_reboot":true,"balloon":0,"bios":"ovmf","boot":"order=virtio0;net0","bootdisk":"","ci_wait":null,"cicustom":null,"cipassword":"dev","ciupgrade":true,"ciuser":"dev","clone":"ubuntu-cloud-init","clone_id":null,"clone_wait":10,"cores":0,"cpu":[{"affinity":"","cores":1,"flags":[],"limit":0,"numa":false,"sockets":1,"type":"host","units":0,"vcores":0}],"cpu_type":"","current_node":"moo-moo","default_ipv4_address":"","default_ipv6_address":null,"define_connection_info":true,"desc":"Managed by Terraform.","disk":[],"disks":[{"ide":[{"ide0":[],"ide1":[{"cdrom":[],"cloudinit":[{"storage":"local-lvm"}],"disk":[],"ignore":false,"passthrough":[]}],"ide2":[],"ide3":[]}],"sata":[],"scsi":[],"virtio":[{"virtio0":[{"cdrom":[],"disk":[{"asyncio":"","backup":true,"cache":"","discard":true,"format":"raw","id":2,"iops_r_burst":0,"iops_r_burst_length":0,"iops_r_concurrent":0,"iops_wr_burst":0,"iops_wr_burst_length":0,"iops_wr_concurrent":0,"iothread":true,"linked_disk_id":-1,"mbps_r_burst":0,"mbps_r_concurrent":0,"mbps_wr_burst":0,"mbps_wr_concurrent":0,"readonly":false,"replicate":false,"serial":"","size":"10G","storage":"local-lvm","wwn":""}],"ignore":false,"passthrough":[]}],"virtio1":[],"virtio10":[],"virtio11":[],"virtio12":[],"virtio13":[],"virtio14":[],"virtio15":[],"virtio2":[],"virtio3":[],"virtio4":[],"virtio5":[],"virtio6":[],"virtio7":[],"virtio8":[],"virtio9":[]}]}],"efidisk":[],"force_create":false,"force_recreate_on_change_of":null,"full_clone":true,"hagroup":"","hastate":"","hostpci":[],"hotplug":"network,disk,usb","id":"moo-moo/qemu/1004","ipconfig0":"ip=192.168.0.6/24,gw=192.168.0.1","ipconfig1":null,"ipconfig10":null,"ipconfig11":null,"ipconfig12":null,"ipconfig13":null,"ipconfig14":null,"ipconfig15":null,"ipconfig2":null,"ipconfig3":null,"ipconfig4":null,"ipconfig5":null,"ipconfig6":null,"ipconfig7":null,"ipconfig8":null,"ipconfig9":null,"kvm":true,"linked_vmid":0,"machine":"q35","memory":1024,"name":"laboon-3","nameserver":null,"network":[{"bridge":"vmbr0","firewall":false,"id":0,"link_down":false,"macaddr":"bc:24:11:f2:3b:b8","model":"virtio","mtu":0,"queues":0,"rate":0,"tag":0}],"numa":false,"onboot":false,"os_network_config":null,"os_type":"cloud-init","pci":[],"pcis":[],"pool":"","protection":false,"pxe":null,"qemu_os":"l26","reboot_required":false,"scsihw":"virtio-scsi-single","searchdomain":null,"serial":[{"id":0,"type":"socket"}],"skip_ipv4":false,"skip_ipv6":false,"smbios":[{"family":"","manufacturer":"","product":"","serial":"","sku":"","uuid":"aacb4744-7d23-4190-94e7-90feec63d003","version":""}],"sockets":0,"ssh_forward_ip":null,"ssh_host":"","ssh_port":"","ssh_private_key":null,"ssh_user":null,"sshkeys":"ssh-ed25519 AAAAC3NzaC1lZDI1NTE5AAAAIDwC01G8nJScuxp7Cga8uUsnHUW2IpXXiiTw1gzhEL4P RyzenWindows\n","startup":"","tablet":true,"tags":"cluster;kubernetes-worker;laboon","target_node":"moo-moo","target_nodes":null,"timeouts":null,"tpm_state":[],"unused_disk":[{"file":"vm-1004-disk-1","slot":0,"storage":"local-lvm"}],"usb":[],"usbs":[],"vcpus":0,"vga":[],"vm_state":"stopped","vmid":1004},"sensitive_attributes":[[{"type":"get_attr","value":"sshkeys"}],[{"type":"get_attr","value":"ssh_private_key"}],[{"type":"get_attr","value":"cipassword"}]],"private":"eyJlMmJmYjczMC1lY2FhLTExZTYtOGY4OC0zNDM2M2JjN2M0YzAiOnsiY3JlYXRlIjoxMjAwMDAwMDAwMDAwLCJkZWZhdWx0IjoxMjAwMDAwMDAwMDAwLCJkZWxldGUiOjEyMDAwMDAwMDAwMDAsInJlYWQiOjEyMDAwMDAwMDAwMDAsInVwZGF0ZSI6MTIwMDAwMDAwMDAwMH19"},{"index_key":"yuda_server/yuda","schema_version":0,"attributes":{"additional_wait":5,"agent":1,"agent_timeout":90,"args":"","automatic_reboot":true,"balloon":0,"bios":"ovmf","boot":"order=virtio0;net0","bootdisk":"","ci_wait":null,"cicustom":null,"cipassword":"dev","ciupgrade":true,"ciuser":"dev","clone":"ubuntu-cloud-init","clone_id":null,"clone_wait":10,"cores":0,"cpu":[{"affinity":"","cores":2,"flags":[],"limit":0,"numa":false,"sockets":1,"type":"host","units":0,"vcores":0}],"cpu_type":"","current_node":"moo-moo","default_ipv4_address":"","default_ipv6_address":null,"define_connection_info":true,"desc":"Managed by Terraform.","disk":[],"disks":[{"ide":[{"ide0":[],"ide1":[{"cdrom":[],"cloudinit":[{"storage":"local-lvm"}],"disk":[],"ignore":false,"passthrough":[]}],"ide2":[],"ide3":[]}],"sata":[],"scsi":[],"virtio":[{"virtio0":[{"cdrom":[],"disk":[{"asyncio":"","backup":true,"cache":"","discard":true,"format":"raw","id":1,"iops_r_burst":0,"iops_r_burst_length":0,"iops_r_concurrent":0,"iops_wr_burst":0,"iops_wr_burst_length":0,"iops_wr_concurrent":0,"iothread":true,"linked_disk_id":-1,"mbps_r_burst":0,"mbps_r_concurrent":0,"mbps_wr_burst":0,"mbps_wr_concurrent":0,"readonly":false,"replicate":false,"serial":"","size":"20G","storage":"local-lvm","wwn":""}],"ignore":false,"passthrough":[]}],"virtio1":[],"virtio10":[],"virtio11":[],"virtio12":[],"virtio13":[],"virtio14":[],"virtio15":[],"virtio2":[],"virtio3":[],"virtio4":[],"virtio5":[],"virtio6":[],"virtio7":[],"virtio8":[],"virtio9":[]}]}],"efidisk":[],"force_create":false,"force_recreate_on_change_of":null,"full_clone":true,"hagroup":"","hastate":"","hostpci":[],"hotplug":"network,disk,usb","id":"moo-moo/qemu/1011","ipconfig0":"ip=192.168.0.13/24,gw=192.168.0.1","ipconfig1":null,"ipconfig10":null,"ipconfig11":null,"ipconfig12":null,"ipconfig13":null,"ipconfig14":null,"ipconfig15":null,"ipconfig2":null,"ipconfig3":null,"ipconfig4":null,"ipconfig5":null,"ipconfig6":null,"ipconfig7":null,"ipconfig8":null,"ipconfig9":null,"kvm":true,"linked_vmid":0,"machine":"q35","memory":2048,"name":"yuda","nameserver":null,"network":[{"bridge":"vmbr0","firewall":false,"id":0,"link_down":false,"macaddr":"bc:24:11:85:c0:8e","model":"virtio","mtu":0,"queues":0,"rate":0,"tag":0}],"numa":false,"onboot":false,"os_network_config":null,"os_type":"cloud-init","pci":[],"pcis":[],"pool":"","protection":false,"pxe":null,"qemu_os":"l26","reboot_required":false,"scsihw":"virtio-scsi-single","searchdomain":null,"serial":[{"id":0,"type":"socket"}],"skip_ipv4":false,"skip_ipv6":false,"smbios":[{"family":"","manufacturer":"","product":"","serial":"","sku":"","uuid":"b39993f6-cd70-41b3-a18c-781a6efda715","version":""}],"sockets":0,"ssh_forward_ip":null,"ssh_host":"","ssh_port":"","ssh_private_key":null,"ssh_user":null,"sshkeys":"ssh-ed25519 AAAAC3NzaC1lZDI1NTE5AAAAIDwC01G8nJScuxp7Cga8uUsnHUW2IpXXiiTw1gzhEL4P RyzenWindows\n","startup":"","tablet":true,"tags":"standalone;yuda","target_node":"moo-moo","target_nodes":null,"timeouts":null,"tpm_state":[],"unused_disk":[],"usb":[],"usbs":[],"vcpus":0,"vga":[],"vm_state":"stopped","vmid":1011},"sensitive_attributes":[[{"type":"get_attr","value":"sshkeys"}],[{"type":"get_attr","value":"cipassword"}],[{"type":"get_attr","value":"ssh_private_key"}]],"private":"eyJlMmJmYjczMC1lY2FhLTExZTYtOGY4OC0zNDM2M2JjN2M0YzAiOnsiY3JlYXRlIjoxMjAwMDAwMDAwMDAwLCJkZWZhdWx0IjoxMjAwMDAwMDAwMDAwLCJkZWxldGUiOjEyMDAwMDAwMDAwMDAsInJlYWQiOjEyMDAwMDAwMDAwMDAsInVwZGF0ZSI6MTIwMDAwMDAwMDAwMH19"}]}],"check_results":[{"object_kind":"check","config_addr":"check.workspace_guardrail","status":"pass","objects":[{"object_addr":"check.workspace_guardrail","status":"pass"}]},{"object_kind":"var","config_addr":"var.proxmox_connection","status":"pass","objects":[{"object_addr":"var.proxmox_connection","status":"pass"}]},{"object_kind":"var","config_addr":"var.resource_groups","status":"pass","objects":[{"object_addr":"var.resource_groups","status":"pass"}]}]}
