{"version":4,"terraform_version":"1.10.5","serial":73,"lineage":"0086e4c6-9f77-9850-56c9-762163bd143f","outputs":{"active_infrastructure_summary":{"value":{"yuda_server":{"yuda":"192.168.0.13"}},"type":["object",{"yuda_server":["object",{"yuda":"string"}]}]},"lxc_container_details":{"value":{},"type":["object",{}]},"qemu_vm_details":{"value":{"yuda_server":{"yuda":{"default_user":"dev","hostname":"yuda","ip_address":"192.168.0.13","tags":"standalone;yuda_server","vmid":1011}}},"type":["object",{"yuda_server":["object",{"yuda":["object",{"default_user":"string","hostname":"string","ip_address":"string","tags":"string","vmid":"number"}]}]}]}},"resources":[{"mode":"managed","type":"local_file","name":"ansible_inventory","provider":"provider[\"registry.opentofu.org/hashicorp/local\"]","instances":[{"schema_version":0,"attributes":{"content":"# tofu/ansible_inventory.yml.tftpl\n# This is a template for the Ansible inventory file.\n# It is processed by the templatefile() function in ansible_inventory.tf\n\nall:\n  children:\n    qemu:\n      hosts:\n        yuda:\n          ansible_host: 192.168.0.13\n    standalone:\n      hosts:\n        yuda:\n          ansible_host: 192.168.0.13\n    yuda_server:\n      hosts:\n        yuda:\n          ansible_host: 192.168.0.13\n  vars:\n    ansible_user: dev","content_base64":null,"content_base64sha256":"nsAscF6CYTxY4JnSIJGw4slJ+PDFGHG3qgRCsTFydQc=","content_base64sha512":"Fo5eAlsAe+swhOkyISQoXKsBdR3TX+w92nG5nPVRxutRweJT7Rcawnbsd4RIsucAdNw0mdKYAG3fNF/Wn0Mzyw==","content_md5":"672868a8c9b44e4e32244c7e9a07bd8c","content_sha1":"11862752188719b839e4375aeb40c6477918d069","content_sha256":"9ec02c705e82613c58e099d22091b0e2c949f8f0c51871b7aa0442b131727507","content_sha512":"168e5e025b007beb3084e9322124285cab01751dd35fec3dda71b99cf551c6eb51c1e253ed171ac276ec778448b2e70074dc3499d298006ddf345fd69f4333cb","directory_permission":"0777","file_permission":"0777","filename":"./../ansible/inventory.yml","id":"11862752188719b839e4375aeb40c6477918d069","sensitive_content":null,"source":null},"sensitive_attributes":[[{"type":"get_attr","value":"sensitive_content"}]],"dependencies":["module.lxc_groups.proxmox_lxc.server","module.qemu_groups.proxmox_vm_qemu.server"]}]},{"module":"module.qemu_groups[\"yuda_server\"]","mode":"managed","type":"proxmox_vm_qemu","name":"server","provider":"provider[\"registry.opentofu.org/telmate/proxmox\"]","instances":[{"index_key":"yuda","schema_version":0,"attributes":{"additional_wait":5,"agent":1,"agent_timeout":90,"args":"","automatic_reboot":true,"balloon":0,"bios":"ovmf","boot":"cn","bootdisk":"scsi0","ci_wait":null,"cicustom":null,"cipassword":"dev","ciupgrade":true,"ciuser":"dev","clone":"ubuntu-cloud-init","clone_id":null,"clone_wait":10,"cores":0,"cpu":[{"affinity":"","cores":2,"flags":[],"limit":0,"numa":false,"sockets":1,"type":"host","units":0,"vcores":0}],"cpu_type":"","current_node":"moo-moo","default_ipv4_address":"192.168.0.13","default_ipv6_address":"","define_connection_info":true,"desc":null,"description":"Managed by Terraform.","disk":[],"disks":[{"ide":[{"ide0":[],"ide1":[],"ide2":[{"cdrom":[],"cloudinit":[{"storage":"local-thin"}],"disk":[],"ignore":false,"passthrough":[]}],"ide3":[]}],"sata":[],"scsi":[{"scsi0":[{"cdrom":[],"cloudinit":[],"disk":[{"asyncio":"","backup":true,"cache":"","discard":true,"emulatessd":false,"format":"raw","id":1,"iops_r_burst":0,"iops_r_burst_length":0,"iops_r_concurrent":0,"iops_wr_burst":0,"iops_wr_burst_length":0,"iops_wr_concurrent":0,"iothread":true,"linked_disk_id":-1,"mbps_r_burst":0,"mbps_r_concurrent":0,"mbps_wr_burst":0,"mbps_wr_concurrent":0,"readonly":false,"replicate":false,"serial":"","size":"20G","storage":"local-thin","wwn":""}],"ignore":false,"passthrough":[]}],"scsi1":[],"scsi10":[],"scsi11":[],"scsi12":[],"scsi13":[],"scsi14":[],"scsi15":[],"scsi16":[],"scsi17":[],"scsi18":[],"scsi19":[],"scsi2":[],"scsi20":[],"scsi21":[],"scsi22":[],"scsi23":[],"scsi24":[],"scsi25":[],"scsi26":[],"scsi27":[],"scsi28":[],"scsi29":[],"scsi3":[],"scsi30":[],"scsi4":[],"scsi5":[],"scsi6":[],"scsi7":[],"scsi8":[],"scsi9":[]}],"virtio":[]}],"efidisk":[],"force_create":false,"force_recreate_on_change_of":null,"full_clone":true,"hagroup":"","hastate":"","hostpci":[],"hotplug":"network,disk,usb","id":"moo-moo/qemu/1011","ipconfig0":"ip=192.168.0.13/24,gw=192.168.0.1","ipconfig1":null,"ipconfig10":null,"ipconfig11":null,"ipconfig12":null,"ipconfig13":null,"ipconfig14":null,"ipconfig15":null,"ipconfig2":null,"ipconfig3":null,"ipconfig4":null,"ipconfig5":null,"ipconfig6":null,"ipconfig7":null,"ipconfig8":null,"ipconfig9":null,"kvm":true,"linked_vmid":0,"machine":"q35","memory":2048,"name":"yuda","nameserver":null,"network":[{"bridge":"vmbr0","firewall":false,"id":0,"link_down":false,"macaddr":"bc:24:11:8c:bf:a3","model":"virtio","mtu":0,"queues":0,"rate":0,"tag":0}],"numa":false,"onboot":false,"os_network_config":null,"os_type":"cloud-init","pci":[],"pcis":[],"pool":"","protection":false,"pxe":null,"qemu_os":"l26","reboot_required":false,"rng":[],"scsihw":"virtio-scsi-pci","searchdomain":null,"serial":[{"id":0,"type":"socket"}],"skip_ipv4":false,"skip_ipv6":false,"smbios":[{"family":"","manufacturer":"","product":"","serial":"","sku":"","uuid":"77f11490-ddbe-408d-8ccc-d403233f21ac","version":""}],"sockets":0,"ssh_forward_ip":null,"ssh_host":"192.168.0.13","ssh_port":"22","ssh_private_key":null,"ssh_user":null,"sshkeys":"ssh-ed25519 AAAAC3NzaC1lZDI1NTE5AAAAIDwC01G8nJScuxp7Cga8uUsnHUW2IpXXiiTw1gzhEL4P RyzenWindows\n","startup":"","tablet":true,"tags":"standalone;yuda_server","target_node":"moo-moo","target_nodes":null,"timeouts":null,"tpm_state":[],"unused_disk":[],"usb":[],"usbs":[],"vcpus":0,"vga":[],"vm_state":"running","vmid":1011},"sensitive_attributes":[[{"type":"get_attr","value":"ssh_private_key"}],[{"type":"get_attr","value":"cipassword"}],[{"type":"get_attr","value":"sshkeys"}]],"private":"eyJlMmJmYjczMC1lY2FhLTExZTYtOGY4OC0zNDM2M2JjN2M0YzAiOnsiY3JlYXRlIjoxMjAwMDAwMDAwMDAwLCJkZWZhdWx0IjoxMjAwMDAwMDAwMDAwLCJkZWxldGUiOjEyMDAwMDAwMDAwMDAsInJlYWQiOjEyMDAwMDAwMDAwMDAsInVwZGF0ZSI6MTIwMDAwMDAwMDAwMH19"}]}],"check_results":[{"object_kind":"var","config_addr":"var.proxmox_connection","status":"pass","objects":[{"object_addr":"var.proxmox_connection","status":"pass"}]},{"object_kind":"check","config_addr":"check.workspace_guardrail","status":"pass","objects":[{"object_addr":"check.workspace_guardrail","status":"pass"}]},{"object_kind":"var","config_addr":"var.resource_groups","status":"pass","objects":[{"object_addr":"var.resource_groups","status":"pass"}]}]}
