{"version":4,"terraform_version":"1.10.5","serial":96,"lineage":"0086e4c6-9f77-9850-56c9-762163bd143f","outputs":{"active_infrastructure_summary":{"value":{"bananagator-01":{"bananagator-01":"192.168.0.23"},"bananagator-02":{"bananagator-02":"192.168.0.27"},"megalo_server":{"megalo":"192.168.0.14"},"smiley_server":{"smiley":"192.168.0.16"},"yuda_server":{"yuda":"192.168.0.13"}},"type":["object",{"bananagator-01":["object",{"bananagator-01":"string"}],"bananagator-02":["object",{"bananagator-02":"string"}],"megalo_server":["object",{"megalo":"string"}],"smiley_server":["object",{"smiley":"string"}],"yuda_server":["object",{"yuda":"string"}]}]},"lxc_container_details":{"value":{"bananagator-01":{"bananagator-01":{"hostname":"bananagator-01","ip_address":"192.168.0.23","tags":"cloudflared-tunnel","vmid":2001}},"bananagator-02":{"bananagator-02":{"hostname":"bananagator-02","ip_address":"192.168.0.27","tags":"nginx-proxy-manager","vmid":2005}}},"type":["object",{"bananagator-01":["object",{"bananagator-01":["object",{"hostname":"string","ip_address":"string","tags":"string","vmid":"number"}]}],"bananagator-02":["object",{"bananagator-02":["object",{"hostname":"string","ip_address":"string","tags":"string","vmid":"number"}]}]}]},"qemu_vm_details":{"value":{"megalo_server":{"megalo":{"default_user":"dev","hostname":"megalo","ip_address":"192.168.0.14","tags":"docker;megalo_server;standalone","vmid":1012}},"smiley_server":{"smiley":{"default_user":"dev","hostname":"smiley","ip_address":"192.168.0.16","tags":"docker;smiley_server;standalone","vmid":1013}},"yuda_server":{"yuda":{"default_user":"dev","hostname":"yuda","ip_address":"192.168.0.13","tags":"standalone;yuda_server","vmid":1011}}},"type":["object",{"megalo_server":["object",{"megalo":["object",{"default_user":"string","hostname":"string","ip_address":"string","tags":"string","vmid":"number"}]}],"smiley_server":["object",{"smiley":["object",{"default_user":"string","hostname":"string","ip_address":"string","tags":"string","vmid":"number"}]}],"yuda_server":["object",{"yuda":["object",{"default_user":"string","hostname":"string","ip_address":"string","tags":"string","vmid":"number"}]}]}]}},"resources":[{"mode":"managed","type":"local_file","name":"ansible_inventory","provider":"provider[\"registry.opentofu.org/hashicorp/local\"]","instances":[{"schema_version":0,"attributes":{"content":"# tofu/ansible_inventory.yml.tftpl\n# This is a template for the Ansible inventory file.\n# It is processed by the templatefile() function in ansible_inventory.tf\n\nall:\n  children:\n    cloudflared-tunnel:\n      hosts:\n        bananagator-01:\n          ansible_host: 192.168.0.23\n    docker:\n      hosts:\n        megalo:\n          ansible_host: 192.168.0.14\n        smiley:\n          ansible_host: 192.168.0.16\n    lxc:\n      hosts:\n        bananagator-01:\n          ansible_host: 192.168.0.23\n        bananagator-02:\n          ansible_host: 192.168.0.27\n    megalo_server:\n      hosts:\n        megalo:\n          ansible_host: 192.168.0.14\n    nginx-proxy-manager:\n      hosts:\n        bananagator-02:\n          ansible_host: 192.168.0.27\n    qemu:\n      hosts:\n        megalo:\n          ansible_host: 192.168.0.14\n        smiley:\n          ansible_host: 192.168.0.16\n        yuda:\n          ansible_host: 192.168.0.13\n    smiley_server:\n      hosts:\n        smiley:\n          ansible_host: 192.168.0.16\n    standalone:\n      hosts:\n        megalo:\n          ansible_host: 192.168.0.14\n        smiley:\n          ansible_host: 192.168.0.16\n        yuda:\n          ansible_host: 192.168.0.13\n    yuda_server:\n      hosts:\n        yuda:\n          ansible_host: 192.168.0.13\n  vars:\n    ansible_user: dev","content_base64":null,"content_base64sha256":"MoylqcaeIfz0FTM6wFpOm7wlfbFIMuqse84R/ho9ppo=","content_base64sha512":"IuCjazpmtTTDnueQPWNtMo8DDlTo+lo1kUc/Y7NsNmShaopdAIeQKCgHMBwdsbVMDfS5VbowMYMfIlWaSyR3OA==","content_md5":"6d45eeec63eb606a56651ed47cf0b0e7","content_sha1":"811ac4f2a6fe032aeef2bd982a1a7832de27a6f5","content_sha256":"328ca5a9c69e21fcf415333ac05a4e9bbc257db14832eaac7bce11fe1a3da69a","content_sha512":"22e0a36b3a66b534c39ee7903d636d328f030e54e8fa5a3591473f63b36c3664a16a8a5d008790282807301c1db1b54c0df4b955ba3031831f22559a4b247738","directory_permission":"0777","file_permission":"0777","filename":"./../ansible/inventory.yml","id":"811ac4f2a6fe032aeef2bd982a1a7832de27a6f5","sensitive_content":null,"source":null},"sensitive_attributes":[[{"type":"get_attr","value":"sensitive_content"}]],"dependencies":["module.lxc_groups.proxmox_lxc.server","module.qemu_groups.proxmox_vm_qemu.server"]}]},{"module":"module.lxc_groups[\"bananagator-01\"]","mode":"managed","type":"proxmox_lxc","name":"server","provider":"provider[\"registry.opentofu.org/telmate/proxmox\"]","instances":[{"index_key":"bananagator-01","schema_version":0,"attributes":{"arch":"amd64","bwlimit":0,"clone":null,"clone_storage":null,"cmode":"tty","console":true,"cores":1,"cpulimit":0,"cpuunits":1024,"current_node":"moo-moo","description":"","features":[{"fuse":false,"keyctl":false,"mknod":false,"mount":"","nesting":true}],"force":false,"full":null,"hagroup":"","hastate":"","hookscript":"","hostname":"bananagator-01","id":"moo-moo/lxc/2001","ignore_unpack_errors":false,"lock":"","memory":512,"mountpoint":[],"nameserver":"","network":[{"bridge":"vmbr0","firewall":false,"gw":"192.168.0.1","gw6":"","hwaddr":"BC:24:11:3A:2B:44","id":0,"ip":"192.168.0.23/24","ip6":"","mtu":0,"name":"eth0","rate":0,"tag":0,"trunks":"","type":"veth"}],"onboot":false,"ostemplate":"local:vztmpl/ubuntu-24.04-standard_24.04-2_amd64.tar.zst","ostype":"ubuntu","password":"devdevdev","pool":null,"protection":false,"restore":false,"rootfs":[{"acl":false,"quota":false,"replicate":false,"ro":false,"shared":false,"size":"4G","storage":"local-thin","volume":"local-thin:vm-2001-disk-0"}],"searchdomain":"","ssh_public_keys":"ssh-ed25519 AAAAC3NzaC1lZDI1NTE5AAAAIDwC01G8nJScuxp7Cga8uUsnHUW2IpXXiiTw1gzhEL4P RyzenWindows","start":true,"startup":"","swap":0,"tags":"cloudflared-tunnel","target_node":"moo-moo","template":false,"timeouts":null,"tty":2,"unique":false,"unprivileged":true,"unused":[],"vmid":2001},"sensitive_attributes":[[{"type":"get_attr","value":"password"}],[{"type":"get_attr","value":"ssh_public_keys"}]],"private":"eyJlMmJmYjczMC1lY2FhLTExZTYtOGY4OC0zNDM2M2JjN2M0YzAiOnsiY3JlYXRlIjoxMjAwMDAwMDAwMDAwLCJkZWZhdWx0IjoxMjAwMDAwMDAwMDAwLCJkZWxldGUiOjEyMDAwMDAwMDAwMDAsInJlYWQiOjEyMDAwMDAwMDAwMDAsInVwZGF0ZSI6MTIwMDAwMDAwMDAwMH19"}]},{"module":"module.lxc_groups[\"bananagator-02\"]","mode":"managed","type":"proxmox_lxc","name":"server","provider":"provider[\"registry.opentofu.org/telmate/proxmox\"]","instances":[{"index_key":"bananagator-02","schema_version":0,"attributes":{"arch":"amd64","bwlimit":0,"clone":null,"clone_storage":null,"cmode":"tty","console":true,"cores":4,"cpulimit":0,"cpuunits":1024,"current_node":"moo-moo","description":"","features":[{"fuse":false,"keyctl":false,"mknod":false,"mount":"","nesting":true}],"force":false,"full":null,"hagroup":"","hastate":"","hookscript":"","hostname":"bananagator-02","id":"moo-moo/lxc/2005","ignore_unpack_errors":false,"lock":"","memory":2048,"mountpoint":[],"nameserver":"","network":[{"bridge":"vmbr0","firewall":false,"gw":"192.168.0.1","gw6":"","hwaddr":"BC:24:11:24:8C:35","id":0,"ip":"192.168.0.27/24","ip6":"","mtu":0,"name":"eth0","rate":0,"tag":0,"trunks":"","type":"veth"}],"onboot":false,"ostemplate":"local:vztmpl/ubuntu-24.04-standard_24.04-2_amd64.tar.zst","ostype":"ubuntu","password":"devdevdev","pool":null,"protection":false,"restore":false,"rootfs":[{"acl":false,"quota":false,"replicate":false,"ro":false,"shared":false,"size":"32G","storage":"local-thin","volume":"local-thin:vm-2005-disk-0"}],"searchdomain":"","ssh_public_keys":"ssh-ed25519 AAAAC3NzaC1lZDI1NTE5AAAAIDwC01G8nJScuxp7Cga8uUsnHUW2IpXXiiTw1gzhEL4P RyzenWindows","start":true,"startup":"","swap":0,"tags":"nginx-proxy-manager","target_node":"moo-moo","template":false,"timeouts":null,"tty":2,"unique":false,"unprivileged":true,"unused":[],"vmid":2005},"sensitive_attributes":[[{"type":"get_attr","value":"ssh_public_keys"}],[{"type":"get_attr","value":"password"}]],"private":"eyJlMmJmYjczMC1lY2FhLTExZTYtOGY4OC0zNDM2M2JjN2M0YzAiOnsiY3JlYXRlIjoxMjAwMDAwMDAwMDAwLCJkZWZhdWx0IjoxMjAwMDAwMDAwMDAwLCJkZWxldGUiOjEyMDAwMDAwMDAwMDAsInJlYWQiOjEyMDAwMDAwMDAwMDAsInVwZGF0ZSI6MTIwMDAwMDAwMDAwMH19"}]},{"module":"module.qemu_groups[\"megalo_server\"]","mode":"managed","type":"proxmox_vm_qemu","name":"server","provider":"provider[\"registry.opentofu.org/telmate/proxmox\"]","instances":[{"index_key":"megalo","schema_version":0,"attributes":{"additional_wait":5,"agent":1,"agent_timeout":90,"args":"","automatic_reboot":true,"balloon":0,"bios":"ovmf","boot":"cn","bootdisk":"scsi0","ci_wait":null,"cicustom":null,"cipassword":"devdevdev","ciupgrade":true,"ciuser":"dev","clone":"ubuntu-cloud-init","clone_id":null,"clone_wait":10,"cores":0,"cpu":[{"affinity":"","cores":4,"flags":[],"limit":0,"numa":false,"sockets":1,"type":"host","units":0,"vcores":0}],"cpu_type":"","current_node":"moo-moo","default_ipv4_address":"192.168.0.14","default_ipv6_address":"","define_connection_info":true,"desc":null,"description":"Managed by Terraform.","disk":[],"disks":[{"ide":[{"ide0":[],"ide1":[],"ide2":[{"cdrom":[],"cloudinit":[{"storage":"local-thin"}],"disk":[],"ignore":false,"passthrough":[]}],"ide3":[]}],"sata":[],"scsi":[{"scsi0":[{"cdrom":[],"cloudinit":[],"disk":[{"asyncio":"","backup":true,"cache":"","discard":true,"emulatessd":false,"format":"raw","id":2,"iops_r_burst":0,"iops_r_burst_length":0,"iops_r_concurrent":0,"iops_wr_burst":0,"iops_wr_burst_length":0,"iops_wr_concurrent":0,"iothread":false,"linked_disk_id":-1,"mbps_r_burst":0,"mbps_r_concurrent":0,"mbps_wr_burst":0,"mbps_wr_concurrent":0,"readonly":false,"replicate":false,"serial":"","size":"40G","storage":"local-thin","wwn":""}],"ignore":false,"passthrough":[]}],"scsi1":[],"scsi10":[],"scsi11":[],"scsi12":[],"scsi13":[],"scsi14":[],"scsi15":[],"scsi16":[],"scsi17":[],"scsi18":[],"scsi19":[],"scsi2":[],"scsi20":[],"scsi21":[],"scsi22":[],"scsi23":[],"scsi24":[],"scsi25":[],"scsi26":[],"scsi27":[],"scsi28":[],"scsi29":[],"scsi3":[],"scsi30":[],"scsi4":[],"scsi5":[],"scsi6":[],"scsi7":[],"scsi8":[],"scsi9":[]}],"virtio":[]}],"efidisk":[],"force_create":false,"force_recreate_on_change_of":null,"full_clone":true,"hagroup":"","hastate":"","hostpci":[],"hotplug":"network,disk,usb","id":"moo-moo/qemu/1012","ipconfig0":"ip=192.168.0.14/24,gw=192.168.0.1","ipconfig1":null,"ipconfig10":null,"ipconfig11":null,"ipconfig12":null,"ipconfig13":null,"ipconfig14":null,"ipconfig15":null,"ipconfig2":null,"ipconfig3":null,"ipconfig4":null,"ipconfig5":null,"ipconfig6":null,"ipconfig7":null,"ipconfig8":null,"ipconfig9":null,"kvm":true,"linked_vmid":0,"machine":"q35","memory":4096,"name":"megalo","nameserver":null,"network":[{"bridge":"vmbr0","firewall":false,"id":0,"link_down":false,"macaddr":"bc:24:11:61:f8:07","model":"virtio","mtu":0,"queues":0,"rate":0,"tag":0}],"numa":false,"onboot":false,"os_network_config":null,"os_type":"cloud-init","pci":[],"pcis":[],"pool":"","protection":false,"pxe":null,"qemu_os":"l26","reboot_required":false,"rng":[],"scsihw":"virtio-scsi-pci","searchdomain":null,"serial":[{"id":0,"type":"socket"}],"skip_ipv4":false,"skip_ipv6":false,"smbios":[{"family":"","manufacturer":"","product":"","serial":"","sku":"","uuid":"966e9189-41b6-46c5-a21b-7ea4e1471854","version":""}],"sockets":0,"ssh_forward_ip":null,"ssh_host":"192.168.0.14","ssh_port":"22","ssh_private_key":null,"ssh_user":null,"sshkeys":"ssh-ed25519 AAAAC3NzaC1lZDI1NTE5AAAAIDwC01G8nJScuxp7Cga8uUsnHUW2IpXXiiTw1gzhEL4P RyzenWindows\n","startup":"","tablet":true,"tags":"docker;megalo_server;standalone","target_node":"moo-moo","target_nodes":null,"timeouts":null,"tpm_state":[],"unused_disk":[],"usb":[],"usbs":[],"vcpus":0,"vga":[],"vm_state":"running","vmid":1012},"sensitive_attributes":[[{"type":"get_attr","value":"ssh_private_key"}],[{"type":"get_attr","value":"cipassword"}],[{"type":"get_attr","value":"sshkeys"}]],"private":"eyJlMmJmYjczMC1lY2FhLTExZTYtOGY4OC0zNDM2M2JjN2M0YzAiOnsiY3JlYXRlIjoxMjAwMDAwMDAwMDAwLCJkZWZhdWx0IjoxMjAwMDAwMDAwMDAwLCJkZWxldGUiOjEyMDAwMDAwMDAwMDAsInJlYWQiOjEyMDAwMDAwMDAwMDAsInVwZGF0ZSI6MTIwMDAwMDAwMDAwMH19"}]},{"module":"module.qemu_groups[\"smiley_server\"]","mode":"managed","type":"proxmox_vm_qemu","name":"server","provider":"provider[\"registry.opentofu.org/telmate/proxmox\"]","instances":[{"index_key":"smiley","schema_version":0,"attributes":{"additional_wait":5,"agent":1,"agent_timeout":90,"args":"","automatic_reboot":true,"balloon":0,"bios":"ovmf","boot":"cn","bootdisk":"scsi0","ci_wait":null,"cicustom":null,"cipassword":"devdevdev","ciupgrade":true,"ciuser":"dev","clone":"ubuntu-cloud-init","clone_id":null,"clone_wait":10,"cores":0,"cpu":[{"affinity":"","cores":4,"flags":[],"limit":0,"numa":false,"sockets":1,"type":"host","units":0,"vcores":0}],"cpu_type":"","current_node":"moo-moo","default_ipv4_address":"192.168.0.16","default_ipv6_address":"","define_connection_info":true,"desc":null,"description":"Managed by Terraform.","disk":[],"disks":[{"ide":[{"ide0":[],"ide1":[],"ide2":[{"cdrom":[],"cloudinit":[{"storage":"local-thin"}],"disk":[],"ignore":false,"passthrough":[]}],"ide3":[]}],"sata":[],"scsi":[{"scsi0":[{"cdrom":[],"cloudinit":[],"disk":[{"asyncio":"","backup":true,"cache":"","discard":true,"emulatessd":false,"format":"raw","id":1,"iops_r_burst":0,"iops_r_burst_length":0,"iops_r_concurrent":0,"iops_wr_burst":0,"iops_wr_burst_length":0,"iops_wr_concurrent":0,"iothread":false,"linked_disk_id":-1,"mbps_r_burst":0,"mbps_r_concurrent":0,"mbps_wr_burst":0,"mbps_wr_concurrent":0,"readonly":false,"replicate":false,"serial":"","size":"40G","storage":"local-thin","wwn":""}],"ignore":false,"passthrough":[]}],"scsi1":[],"scsi10":[],"scsi11":[],"scsi12":[],"scsi13":[],"scsi14":[],"scsi15":[],"scsi16":[],"scsi17":[],"scsi18":[],"scsi19":[],"scsi2":[],"scsi20":[],"scsi21":[],"scsi22":[],"scsi23":[],"scsi24":[],"scsi25":[],"scsi26":[],"scsi27":[],"scsi28":[],"scsi29":[],"scsi3":[],"scsi30":[],"scsi4":[],"scsi5":[],"scsi6":[],"scsi7":[],"scsi8":[],"scsi9":[]}],"virtio":[]}],"efidisk":[],"force_create":false,"force_recreate_on_change_of":null,"full_clone":true,"hagroup":"","hastate":"","hostpci":[],"hotplug":"network,disk,usb","id":"moo-moo/qemu/1013","ipconfig0":"ip=192.168.0.16/24,gw=192.168.0.1","ipconfig1":null,"ipconfig10":null,"ipconfig11":null,"ipconfig12":null,"ipconfig13":null,"ipconfig14":null,"ipconfig15":null,"ipconfig2":null,"ipconfig3":null,"ipconfig4":null,"ipconfig5":null,"ipconfig6":null,"ipconfig7":null,"ipconfig8":null,"ipconfig9":null,"kvm":true,"linked_vmid":0,"machine":"q35","memory":4096,"name":"smiley","nameserver":null,"network":[{"bridge":"vmbr0","firewall":false,"id":0,"link_down":false,"macaddr":"bc:24:11:a5:70:8b","model":"virtio","mtu":0,"queues":0,"rate":0,"tag":0}],"numa":false,"onboot":false,"os_network_config":null,"os_type":"cloud-init","pci":[],"pcis":[],"pool":"","protection":false,"pxe":null,"qemu_os":"l26","reboot_required":false,"rng":[],"scsihw":"virtio-scsi-pci","searchdomain":null,"serial":[{"id":0,"type":"socket"}],"skip_ipv4":false,"skip_ipv6":false,"smbios":[{"family":"","manufacturer":"","product":"","serial":"","sku":"","uuid":"8e49c426-a0f0-45d5-b982-fba425bcd109","version":""}],"sockets":0,"ssh_forward_ip":null,"ssh_host":"192.168.0.16","ssh_port":"22","ssh_private_key":null,"ssh_user":null,"sshkeys":"ssh-ed25519 AAAAC3NzaC1lZDI1NTE5AAAAIDwC01G8nJScuxp7Cga8uUsnHUW2IpXXiiTw1gzhEL4P RyzenWindows\n","startup":"","tablet":true,"tags":"docker;smiley_server;standalone","target_node":"moo-moo","target_nodes":null,"timeouts":null,"tpm_state":[],"unused_disk":[],"usb":[],"usbs":[],"vcpus":0,"vga":[],"vm_state":"running","vmid":1013},"sensitive_attributes":[[{"type":"get_attr","value":"ssh_private_key"}],[{"type":"get_attr","value":"sshkeys"}],[{"type":"get_attr","value":"cipassword"}]],"private":"eyJlMmJmYjczMC1lY2FhLTExZTYtOGY4OC0zNDM2M2JjN2M0YzAiOnsiY3JlYXRlIjoxMjAwMDAwMDAwMDAwLCJkZWZhdWx0IjoxMjAwMDAwMDAwMDAwLCJkZWxldGUiOjEyMDAwMDAwMDAwMDAsInJlYWQiOjEyMDAwMDAwMDAwMDAsInVwZGF0ZSI6MTIwMDAwMDAwMDAwMH19"}]},{"module":"module.qemu_groups[\"yuda_server\"]","mode":"managed","type":"proxmox_vm_qemu","name":"server","provider":"provider[\"registry.opentofu.org/telmate/proxmox\"]","instances":[{"index_key":"yuda","schema_version":0,"attributes":{"additional_wait":5,"agent":1,"agent_timeout":90,"args":"","automatic_reboot":true,"balloon":0,"bios":"ovmf","boot":"cn","bootdisk":"scsi0","ci_wait":null,"cicustom":null,"cipassword":"devdevdev","ciupgrade":true,"ciuser":"dev","clone":"ubuntu-cloud-init","clone_id":null,"clone_wait":10,"cores":0,"cpu":[{"affinity":"","cores":4,"flags":[],"limit":0,"numa":false,"sockets":1,"type":"host","units":0,"vcores":0}],"cpu_type":"","current_node":"moo-moo","default_ipv4_address":"192.168.0.13","default_ipv6_address":"","define_connection_info":true,"desc":null,"description":"Managed by Terraform.","disk":[],"disks":[{"ide":[{"ide0":[],"ide1":[],"ide2":[{"cdrom":[],"cloudinit":[{"storage":"local-thin"}],"disk":[],"ignore":false,"passthrough":[]}],"ide3":[]}],"sata":[],"scsi":[{"scsi0":[{"cdrom":[],"cloudinit":[],"disk":[{"asyncio":"","backup":true,"cache":"","discard":true,"emulatessd":false,"format":"raw","id":1,"iops_r_burst":0,"iops_r_burst_length":0,"iops_r_concurrent":0,"iops_wr_burst":0,"iops_wr_burst_length":0,"iops_wr_concurrent":0,"iothread":false,"linked_disk_id":-1,"mbps_r_burst":0,"mbps_r_concurrent":0,"mbps_wr_burst":0,"mbps_wr_concurrent":0,"readonly":false,"replicate":false,"serial":"","size":"40G","storage":"local-thin","wwn":""}],"ignore":false,"passthrough":[]}],"scsi1":[],"scsi10":[],"scsi11":[],"scsi12":[],"scsi13":[],"scsi14":[],"scsi15":[],"scsi16":[],"scsi17":[],"scsi18":[],"scsi19":[],"scsi2":[],"scsi20":[],"scsi21":[],"scsi22":[],"scsi23":[],"scsi24":[],"scsi25":[],"scsi26":[],"scsi27":[],"scsi28":[],"scsi29":[],"scsi3":[],"scsi30":[],"scsi4":[],"scsi5":[],"scsi6":[],"scsi7":[],"scsi8":[],"scsi9":[]}],"virtio":[]}],"efidisk":[],"force_create":false,"force_recreate_on_change_of":null,"full_clone":true,"hagroup":"","hastate":"","hostpci":[],"hotplug":"network,disk,usb","id":"moo-moo/qemu/1011","ipconfig0":"ip=192.168.0.13/24,gw=192.168.0.1","ipconfig1":null,"ipconfig10":null,"ipconfig11":null,"ipconfig12":null,"ipconfig13":null,"ipconfig14":null,"ipconfig15":null,"ipconfig2":null,"ipconfig3":null,"ipconfig4":null,"ipconfig5":null,"ipconfig6":null,"ipconfig7":null,"ipconfig8":null,"ipconfig9":null,"kvm":true,"linked_vmid":0,"machine":"q35","memory":4096,"name":"yuda","nameserver":null,"network":[{"bridge":"vmbr0","firewall":false,"id":0,"link_down":false,"macaddr":"bc:24:11:8c:bf:a3","model":"virtio","mtu":0,"queues":0,"rate":0,"tag":0}],"numa":false,"onboot":false,"os_network_config":null,"os_type":"cloud-init","pci":[],"pcis":[],"pool":"","protection":false,"pxe":null,"qemu_os":"l26","reboot_required":false,"rng":[],"scsihw":"virtio-scsi-pci","searchdomain":null,"serial":[{"id":0,"type":"socket"}],"skip_ipv4":false,"skip_ipv6":false,"smbios":[{"family":"","manufacturer":"","product":"","serial":"","sku":"","uuid":"77f11490-ddbe-408d-8ccc-d403233f21ac","version":""}],"sockets":0,"ssh_forward_ip":null,"ssh_host":"192.168.0.13","ssh_port":"22","ssh_private_key":null,"ssh_user":null,"sshkeys":"ssh-ed25519 AAAAC3NzaC1lZDI1NTE5AAAAIDwC01G8nJScuxp7Cga8uUsnHUW2IpXXiiTw1gzhEL4P RyzenWindows\n","startup":"","tablet":true,"tags":"standalone;yuda_server","target_node":"moo-moo","target_nodes":null,"timeouts":null,"tpm_state":[],"unused_disk":[],"usb":[],"usbs":[],"vcpus":0,"vga":[],"vm_state":"running","vmid":1011},"sensitive_attributes":[[{"type":"get_attr","value":"sshkeys"}],[{"type":"get_attr","value":"cipassword"}],[{"type":"get_attr","value":"ssh_private_key"}]],"private":"eyJlMmJmYjczMC1lY2FhLTExZTYtOGY4OC0zNDM2M2JjN2M0YzAiOnsiY3JlYXRlIjoxMjAwMDAwMDAwMDAwLCJkZWZhdWx0IjoxMjAwMDAwMDAwMDAwLCJkZWxldGUiOjEyMDAwMDAwMDAwMDAsInJlYWQiOjEyMDAwMDAwMDAwMDAsInVwZGF0ZSI6MTIwMDAwMDAwMDAwMH19"}]}],"check_results":[{"object_kind":"check","config_addr":"check.workspace_guardrail","status":"pass","objects":[{"object_addr":"check.workspace_guardrail","status":"pass"}]},{"object_kind":"var","config_addr":"var.resource_groups","status":"pass","objects":[{"object_addr":"var.resource_groups","status":"pass"}]},{"object_kind":"var","config_addr":"var.proxmox_connection","status":"pass","objects":[{"object_addr":"var.proxmox_connection","status":"pass"}]}]}
