{"version":4,"terraform_version":"1.10.3","serial":42,"lineage":"0086e4c6-9f77-9850-56c9-762163bd143f","outputs":{"active_infrastructure_summary":{"value":{"laboon_cluster":{"laboon-1":"192.168.0.4","laboon-2":"192.168.0.5","laboon-3":"192.168.0.6"},"megalo_server":{"megalo":"192.168.0.14"},"yuda_server":{"yuda":"192.168.0.13"}},"type":["object",{"laboon_cluster":["object",{"laboon-1":"string","laboon-2":"string","laboon-3":"string"}],"megalo_server":["object",{"megalo":"string"}],"yuda_server":["object",{"yuda":"string"}]}]},"lxc_container_details":{"value":{},"type":["object",{}]},"qemu_vm_details":{"value":{"laboon_cluster":{"laboon-1":{"default_user":"dev","hostname":"laboon-1","ip_address":"192.168.0.4","tags":"cluster;kubernetes-worker;laboon","vmid":1002},"laboon-2":{"default_user":"dev","hostname":"laboon-2","ip_address":"192.168.0.5","tags":"cluster;kubernetes-worker;laboon","vmid":1003},"laboon-3":{"default_user":"dev","hostname":"laboon-3","ip_address":"192.168.0.6","tags":"cluster;kubernetes-worker;laboon","vmid":1004}},"megalo_server":{"megalo":{"default_user":"dev","hostname":"megalo","ip_address":"192.168.0.14","tags":"standalone,megalo_server,docker","vmid":1012}},"yuda_server":{"yuda":{"default_user":"dev","hostname":"yuda","ip_address":"192.168.0.13","tags":"standalone;yuda_server","vmid":1011}}},"type":["object",{"laboon_cluster":["object",{"laboon-1":["object",{"default_user":"string","hostname":"string","ip_address":"string","tags":"string","vmid":"number"}],"laboon-2":["object",{"default_user":"string","hostname":"string","ip_address":"string","tags":"string","vmid":"number"}],"laboon-3":["object",{"default_user":"string","hostname":"string","ip_address":"string","tags":"string","vmid":"number"}]}],"megalo_server":["object",{"megalo":["object",{"default_user":"string","hostname":"string","ip_address":"string","tags":"string","vmid":"number"}]}],"yuda_server":["object",{"yuda":["object",{"default_user":"string","hostname":"string","ip_address":"string","tags":"string","vmid":"number"}]}]}]}},"resources":[{"mode":"managed","type":"local_file","name":"ansible_inventory","provider":"provider[\"registry.opentofu.org/hashicorp/local\"]","instances":[{"schema_version":0,"attributes":{"content":"# tofu/ansible_inventory.yml.tftpl\n# This is a template for the Ansible inventory file.\n# It is processed by the templatefile() function in ansible_inventory.tf\n\nall:\n  children:\n    cluster:\n      hosts:\n        laboon-1:\n          ansible_host: 192.168.0.4\n        laboon-2:\n          ansible_host: 192.168.0.5\n        laboon-3:\n          ansible_host: 192.168.0.6\n    docker:\n      hosts:\n        megalo:\n          ansible_host: 192.168.0.14\n    kubernetes-worker:\n      hosts:\n        laboon-1:\n          ansible_host: 192.168.0.4\n        laboon-2:\n          ansible_host: 192.168.0.5\n        laboon-3:\n          ansible_host: 192.168.0.6\n    laboon:\n      hosts:\n        laboon-1:\n          ansible_host: 192.168.0.4\n        laboon-2:\n          ansible_host: 192.168.0.5\n        laboon-3:\n          ansible_host: 192.168.0.6\n    megalo_server:\n      hosts:\n        megalo:\n          ansible_host: 192.168.0.14\n    qemu:\n      hosts:\n        laboon-1:\n          ansible_host: 192.168.0.4\n        laboon-2:\n          ansible_host: 192.168.0.5\n        laboon-3:\n          ansible_host: 192.168.0.6\n        megalo:\n          ansible_host: 192.168.0.14\n        yuda:\n          ansible_host: 192.168.0.13\n    standalone:\n      hosts:\n        megalo:\n          ansible_host: 192.168.0.14\n        yuda:\n          ansible_host: 192.168.0.13\n    yuda_server:\n      hosts:\n        yuda:\n          ansible_host: 192.168.0.13\n  vars:\n    ansible_user: dev","content_base64":null,"content_base64sha256":"+EY1MBOQdIC9c3vhrw8X/bi3lUCD0l59K9QDXSe3npQ=","content_base64sha512":"KDOzbzslnDxCuJAH8pztZeyNjtYtvgmL+r2xRo1CqY0M08s3moSQSFMXhAV75j/+Y+ARHdTVKjLVD8C7AwkevQ==","content_md5":"4bddac9758d23f21957931d7c1b61850","content_sha1":"c1aeb0e7e7647fa588df67a7f30d3ee1da7a3d5b","content_sha256":"f846353013907480bd737be1af0f17fdb8b7954083d25e7d2bd4035d27b79e94","content_sha512":"2833b36f3b259c3c42b89007f29ced65ec8d8ed62dbe098bfabdb1468d42a98d0cd3cb379a849048531784057be63ffe63e0111dd4d52a32d50fc0bb03091ebd","directory_permission":"0777","file_permission":"0777","filename":"./../ansible/inventory.yml","id":"c1aeb0e7e7647fa588df67a7f30d3ee1da7a3d5b","sensitive_content":null,"source":null},"sensitive_attributes":[[{"type":"get_attr","value":"sensitive_content"}]],"dependencies":["module.lxc_groups.proxmox_lxc.server","module.qemu_groups.proxmox_vm_qemu.server"]}]},{"module":"module.qemu_groups[\"laboon_cluster\"]","mode":"managed","type":"proxmox_vm_qemu","name":"server","provider":"provider[\"registry.opentofu.org/telmate/proxmox\"]","instances":[{"index_key":"laboon-1","schema_version":0,"attributes":{"additional_wait":5,"agent":1,"agent_timeout":90,"args":"","automatic_reboot":true,"balloon":0,"bios":"ovmf","boot":"order=virtio0;net0","bootdisk":"","ci_wait":null,"cicustom":null,"cipassword":"dev","ciupgrade":true,"ciuser":"dev","clone":"ubuntu-cloud-init","clone_id":null,"clone_wait":10,"cores":0,"cpu":[{"affinity":"","cores":1,"flags":[],"limit":0,"numa":false,"sockets":1,"type":"host","units":0,"vcores":0}],"cpu_type":"","current_node":"moo-moo","default_ipv4_address":"192.168.0.4","default_ipv6_address":"","define_connection_info":true,"desc":"Managed by Terraform.","disk":[],"disks":[{"ide":[{"ide0":[],"ide1":[{"cdrom":[],"cloudinit":[{"storage":"local-lvm"}],"disk":[],"ignore":false,"passthrough":[]}],"ide2":[],"ide3":[]}],"sata":[],"scsi":[],"virtio":[{"virtio0":[{"cdrom":[],"disk":[{"asyncio":"","backup":true,"cache":"","discard":true,"format":"raw","id":1,"iops_r_burst":0,"iops_r_burst_length":0,"iops_r_concurrent":0,"iops_wr_burst":0,"iops_wr_burst_length":0,"iops_wr_concurrent":0,"iothread":true,"linked_disk_id":-1,"mbps_r_burst":0,"mbps_r_concurrent":0,"mbps_wr_burst":0,"mbps_wr_concurrent":0,"readonly":false,"replicate":false,"serial":"","size":"10G","storage":"local-lvm","wwn":""}],"ignore":false,"passthrough":[]}],"virtio1":[],"virtio10":[],"virtio11":[],"virtio12":[],"virtio13":[],"virtio14":[],"virtio15":[],"virtio2":[],"virtio3":[],"virtio4":[],"virtio5":[],"virtio6":[],"virtio7":[],"virtio8":[],"virtio9":[]}]}],"efidisk":[],"force_create":false,"force_recreate_on_change_of":null,"full_clone":true,"hagroup":"","hastate":"","hostpci":[],"hotplug":"network,disk,usb","id":"moo-moo/qemu/1002","ipconfig0":"ip=192.168.0.4/24,gw=192.168.0.1","ipconfig1":null,"ipconfig10":null,"ipconfig11":null,"ipconfig12":null,"ipconfig13":null,"ipconfig14":null,"ipconfig15":null,"ipconfig2":null,"ipconfig3":null,"ipconfig4":null,"ipconfig5":null,"ipconfig6":null,"ipconfig7":null,"ipconfig8":null,"ipconfig9":null,"kvm":true,"linked_vmid":0,"machine":"q35","memory":1024,"name":"laboon-1","nameserver":null,"network":[{"bridge":"vmbr0","firewall":false,"id":0,"link_down":false,"macaddr":"bc:24:11:55:ab:86","model":"virtio","mtu":0,"queues":0,"rate":0,"tag":0}],"numa":false,"onboot":false,"os_network_config":null,"os_type":"cloud-init","pci":[],"pcis":[],"pool":"","protection":false,"pxe":null,"qemu_os":"l26","reboot_required":false,"scsihw":"virtio-scsi-single","searchdomain":null,"serial":[{"id":0,"type":"socket"}],"skip_ipv4":false,"skip_ipv6":false,"smbios":[{"family":"","manufacturer":"","product":"","serial":"","sku":"","uuid":"e3dd4847-5824-436a-9983-beeac90ba55d","version":""}],"sockets":0,"ssh_forward_ip":null,"ssh_host":"192.168.0.4","ssh_port":"22","ssh_private_key":null,"ssh_user":null,"sshkeys":"ssh-ed25519 AAAAC3NzaC1lZDI1NTE5AAAAIDwC01G8nJScuxp7Cga8uUsnHUW2IpXXiiTw1gzhEL4P RyzenWindows\n","startup":"","tablet":true,"tags":"cluster;kubernetes-worker;laboon","target_node":"moo-moo","target_nodes":null,"timeouts":null,"tpm_state":[],"unused_disk":[],"usb":[],"usbs":[],"vcpus":0,"vga":[],"vm_state":"running","vmid":1002},"sensitive_attributes":[[{"type":"get_attr","value":"sshkeys"}],[{"type":"get_attr","value":"cipassword"}],[{"type":"get_attr","value":"ssh_private_key"}]],"private":"eyJlMmJmYjczMC1lY2FhLTExZTYtOGY4OC0zNDM2M2JjN2M0YzAiOnsiY3JlYXRlIjoxMjAwMDAwMDAwMDAwLCJkZWZhdWx0IjoxMjAwMDAwMDAwMDAwLCJkZWxldGUiOjEyMDAwMDAwMDAwMDAsInJlYWQiOjEyMDAwMDAwMDAwMDAsInVwZGF0ZSI6MTIwMDAwMDAwMDAwMH19"},{"index_key":"laboon-2","schema_version":0,"attributes":{"additional_wait":5,"agent":1,"agent_timeout":90,"args":"","automatic_reboot":true,"balloon":0,"bios":"ovmf","boot":"order=virtio0;net0","bootdisk":"","ci_wait":null,"cicustom":null,"cipassword":"dev","ciupgrade":true,"ciuser":"dev","clone":"ubuntu-cloud-init","clone_id":null,"clone_wait":10,"cores":0,"cpu":[{"affinity":"","cores":1,"flags":[],"limit":0,"numa":false,"sockets":1,"type":"host","units":0,"vcores":0}],"cpu_type":"","current_node":"moo-moo","default_ipv4_address":"192.168.0.5","default_ipv6_address":"","define_connection_info":true,"desc":"Managed by Terraform.","disk":[],"disks":[{"ide":[{"ide0":[],"ide1":[{"cdrom":[],"cloudinit":[{"storage":"local-lvm"}],"disk":[],"ignore":false,"passthrough":[]}],"ide2":[],"ide3":[]}],"sata":[],"scsi":[],"virtio":[{"virtio0":[{"cdrom":[],"disk":[{"asyncio":"","backup":true,"cache":"","discard":true,"format":"raw","id":1,"iops_r_burst":0,"iops_r_burst_length":0,"iops_r_concurrent":0,"iops_wr_burst":0,"iops_wr_burst_length":0,"iops_wr_concurrent":0,"iothread":true,"linked_disk_id":-1,"mbps_r_burst":0,"mbps_r_concurrent":0,"mbps_wr_burst":0,"mbps_wr_concurrent":0,"readonly":false,"replicate":false,"serial":"","size":"10G","storage":"local-lvm","wwn":""}],"ignore":false,"passthrough":[]}],"virtio1":[],"virtio10":[],"virtio11":[],"virtio12":[],"virtio13":[],"virtio14":[],"virtio15":[],"virtio2":[],"virtio3":[],"virtio4":[],"virtio5":[],"virtio6":[],"virtio7":[],"virtio8":[],"virtio9":[]}]}],"efidisk":[],"force_create":false,"force_recreate_on_change_of":null,"full_clone":true,"hagroup":"","hastate":"","hostpci":[],"hotplug":"network,disk,usb","id":"moo-moo/qemu/1003","ipconfig0":"ip=192.168.0.5/24,gw=192.168.0.1","ipconfig1":null,"ipconfig10":null,"ipconfig11":null,"ipconfig12":null,"ipconfig13":null,"ipconfig14":null,"ipconfig15":null,"ipconfig2":null,"ipconfig3":null,"ipconfig4":null,"ipconfig5":null,"ipconfig6":null,"ipconfig7":null,"ipconfig8":null,"ipconfig9":null,"kvm":true,"linked_vmid":0,"machine":"q35","memory":1024,"name":"laboon-2","nameserver":null,"network":[{"bridge":"vmbr0","firewall":false,"id":0,"link_down":false,"macaddr":"bc:24:11:db:30:d6","model":"virtio","mtu":0,"queues":0,"rate":0,"tag":0}],"numa":false,"onboot":false,"os_network_config":null,"os_type":"cloud-init","pci":[],"pcis":[],"pool":"","protection":false,"pxe":null,"qemu_os":"l26","reboot_required":false,"scsihw":"virtio-scsi-single","searchdomain":null,"serial":[{"id":0,"type":"socket"}],"skip_ipv4":false,"skip_ipv6":false,"smbios":[{"family":"","manufacturer":"","product":"","serial":"","sku":"","uuid":"9c65f1c5-b0d3-4820-a89e-36e2fa31c79e","version":""}],"sockets":0,"ssh_forward_ip":null,"ssh_host":"192.168.0.5","ssh_port":"22","ssh_private_key":null,"ssh_user":null,"sshkeys":"ssh-ed25519 AAAAC3NzaC1lZDI1NTE5AAAAIDwC01G8nJScuxp7Cga8uUsnHUW2IpXXiiTw1gzhEL4P RyzenWindows\n","startup":"","tablet":true,"tags":"cluster;kubernetes-worker;laboon","target_node":"moo-moo","target_nodes":null,"timeouts":null,"tpm_state":[],"unused_disk":[],"usb":[],"usbs":[],"vcpus":0,"vga":[],"vm_state":"running","vmid":1003},"sensitive_attributes":[[{"type":"get_attr","value":"sshkeys"}],[{"type":"get_attr","value":"ssh_private_key"}],[{"type":"get_attr","value":"cipassword"}]],"private":"eyJlMmJmYjczMC1lY2FhLTExZTYtOGY4OC0zNDM2M2JjN2M0YzAiOnsiY3JlYXRlIjoxMjAwMDAwMDAwMDAwLCJkZWZhdWx0IjoxMjAwMDAwMDAwMDAwLCJkZWxldGUiOjEyMDAwMDAwMDAwMDAsInJlYWQiOjEyMDAwMDAwMDAwMDAsInVwZGF0ZSI6MTIwMDAwMDAwMDAwMH19"},{"index_key":"laboon-3","schema_version":0,"attributes":{"additional_wait":5,"agent":1,"agent_timeout":90,"args":"","automatic_reboot":true,"balloon":0,"bios":"ovmf","boot":"order=virtio0;net0","bootdisk":"","ci_wait":null,"cicustom":null,"cipassword":"dev","ciupgrade":true,"ciuser":"dev","clone":"ubuntu-cloud-init","clone_id":null,"clone_wait":10,"cores":0,"cpu":[{"affinity":"","cores":1,"flags":[],"limit":0,"numa":false,"sockets":1,"type":"host","units":0,"vcores":0}],"cpu_type":"","current_node":"moo-moo","default_ipv4_address":"192.168.0.6","default_ipv6_address":"","define_connection_info":true,"desc":"Managed by Terraform.","disk":[],"disks":[{"ide":[{"ide0":[],"ide1":[{"cdrom":[],"cloudinit":[{"storage":"local-lvm"}],"disk":[],"ignore":false,"passthrough":[]}],"ide2":[],"ide3":[]}],"sata":[],"scsi":[],"virtio":[{"virtio0":[{"cdrom":[],"disk":[{"asyncio":"","backup":true,"cache":"","discard":true,"format":"raw","id":1,"iops_r_burst":0,"iops_r_burst_length":0,"iops_r_concurrent":0,"iops_wr_burst":0,"iops_wr_burst_length":0,"iops_wr_concurrent":0,"iothread":true,"linked_disk_id":-1,"mbps_r_burst":0,"mbps_r_concurrent":0,"mbps_wr_burst":0,"mbps_wr_concurrent":0,"readonly":false,"replicate":false,"serial":"","size":"10G","storage":"local-lvm","wwn":""}],"ignore":false,"passthrough":[]}],"virtio1":[],"virtio10":[],"virtio11":[],"virtio12":[],"virtio13":[],"virtio14":[],"virtio15":[],"virtio2":[],"virtio3":[],"virtio4":[],"virtio5":[],"virtio6":[],"virtio7":[],"virtio8":[],"virtio9":[]}]}],"efidisk":[],"force_create":false,"force_recreate_on_change_of":null,"full_clone":true,"hagroup":"","hastate":"","hostpci":[],"hotplug":"network,disk,usb","id":"moo-moo/qemu/1004","ipconfig0":"ip=192.168.0.6/24,gw=192.168.0.1","ipconfig1":null,"ipconfig10":null,"ipconfig11":null,"ipconfig12":null,"ipconfig13":null,"ipconfig14":null,"ipconfig15":null,"ipconfig2":null,"ipconfig3":null,"ipconfig4":null,"ipconfig5":null,"ipconfig6":null,"ipconfig7":null,"ipconfig8":null,"ipconfig9":null,"kvm":true,"linked_vmid":0,"machine":"q35","memory":1024,"name":"laboon-3","nameserver":null,"network":[{"bridge":"vmbr0","firewall":false,"id":0,"link_down":false,"macaddr":"bc:24:11:80:cb:72","model":"virtio","mtu":0,"queues":0,"rate":0,"tag":0}],"numa":false,"onboot":false,"os_network_config":null,"os_type":"cloud-init","pci":[],"pcis":[],"pool":"","protection":false,"pxe":null,"qemu_os":"l26","reboot_required":false,"scsihw":"virtio-scsi-single","searchdomain":null,"serial":[{"id":0,"type":"socket"}],"skip_ipv4":false,"skip_ipv6":false,"smbios":[{"family":"","manufacturer":"","product":"","serial":"","sku":"","uuid":"4b7bd3aa-69c5-4181-9399-d1b1132ac632","version":""}],"sockets":0,"ssh_forward_ip":null,"ssh_host":"192.168.0.6","ssh_port":"22","ssh_private_key":null,"ssh_user":null,"sshkeys":"ssh-ed25519 AAAAC3NzaC1lZDI1NTE5AAAAIDwC01G8nJScuxp7Cga8uUsnHUW2IpXXiiTw1gzhEL4P RyzenWindows\n","startup":"","tablet":true,"tags":"cluster;kubernetes-worker;laboon","target_node":"moo-moo","target_nodes":null,"timeouts":null,"tpm_state":[],"unused_disk":[],"usb":[],"usbs":[],"vcpus":0,"vga":[],"vm_state":"running","vmid":1004},"sensitive_attributes":[[{"type":"get_attr","value":"sshkeys"}],[{"type":"get_attr","value":"ssh_private_key"}],[{"type":"get_attr","value":"cipassword"}]],"private":"eyJlMmJmYjczMC1lY2FhLTExZTYtOGY4OC0zNDM2M2JjN2M0YzAiOnsiY3JlYXRlIjoxMjAwMDAwMDAwMDAwLCJkZWZhdWx0IjoxMjAwMDAwMDAwMDAwLCJkZWxldGUiOjEyMDAwMDAwMDAwMDAsInJlYWQiOjEyMDAwMDAwMDAwMDAsInVwZGF0ZSI6MTIwMDAwMDAwMDAwMH19"}]},{"module":"module.qemu_groups[\"megalo_server\"]","mode":"managed","type":"proxmox_vm_qemu","name":"server","provider":"provider[\"registry.opentofu.org/telmate/proxmox\"]","instances":[{"index_key":"megalo","schema_version":0,"attributes":{"additional_wait":5,"agent":1,"agent_timeout":90,"args":"","automatic_reboot":true,"balloon":0,"bios":"ovmf","boot":"order=virtio0;net0","bootdisk":"","ci_wait":null,"cicustom":null,"cipassword":"dev","ciupgrade":true,"ciuser":"dev","clone":"ubuntu-cloud-init","clone_id":null,"clone_wait":10,"cores":0,"cpu":[{"affinity":"","cores":2,"flags":[],"limit":0,"numa":false,"sockets":1,"type":"host","units":0,"vcores":0}],"cpu_type":"","current_node":"moo-moo","default_ipv4_address":"192.168.0.14","default_ipv6_address":"","define_connection_info":true,"desc":"Managed by Terraform.","disk":[],"disks":[{"ide":[{"ide0":[],"ide1":[{"cdrom":[],"cloudinit":[{"storage":"local-lvm"}],"disk":[],"ignore":false,"passthrough":[]}],"ide2":[],"ide3":[]}],"sata":[],"scsi":[],"virtio":[{"virtio0":[{"cdrom":[],"disk":[{"asyncio":"","backup":true,"cache":"","discard":true,"format":"raw","id":1,"iops_r_burst":0,"iops_r_burst_length":0,"iops_r_concurrent":0,"iops_wr_burst":0,"iops_wr_burst_length":0,"iops_wr_concurrent":0,"iothread":true,"linked_disk_id":-1,"mbps_r_burst":0,"mbps_r_concurrent":0,"mbps_wr_burst":0,"mbps_wr_concurrent":0,"readonly":false,"replicate":false,"serial":"","size":"20G","storage":"local-lvm","wwn":""}],"ignore":false,"passthrough":[]}],"virtio1":[],"virtio10":[],"virtio11":[],"virtio12":[],"virtio13":[],"virtio14":[],"virtio15":[],"virtio2":[],"virtio3":[],"virtio4":[],"virtio5":[],"virtio6":[],"virtio7":[],"virtio8":[],"virtio9":[]}]}],"efidisk":[],"force_create":false,"force_recreate_on_change_of":null,"full_clone":true,"hagroup":"","hastate":"","hostpci":[],"hotplug":"network,disk,usb","id":"moo-moo/qemu/1012","ipconfig0":"ip=192.168.0.14/24,gw=192.168.0.1","ipconfig1":null,"ipconfig10":null,"ipconfig11":null,"ipconfig12":null,"ipconfig13":null,"ipconfig14":null,"ipconfig15":null,"ipconfig2":null,"ipconfig3":null,"ipconfig4":null,"ipconfig5":null,"ipconfig6":null,"ipconfig7":null,"ipconfig8":null,"ipconfig9":null,"kvm":true,"linked_vmid":0,"machine":"q35","memory":2048,"name":"megalo","nameserver":null,"network":[{"bridge":"vmbr0","firewall":false,"id":0,"link_down":false,"macaddr":"bc:24:11:68:30:85","model":"virtio","mtu":0,"queues":0,"rate":0,"tag":0}],"numa":false,"onboot":false,"os_network_config":null,"os_type":"cloud-init","pci":[],"pcis":[],"pool":"","protection":false,"pxe":null,"qemu_os":"l26","reboot_required":false,"scsihw":"virtio-scsi-single","searchdomain":null,"serial":[{"id":0,"type":"socket"}],"skip_ipv4":false,"skip_ipv6":false,"smbios":[{"family":"","manufacturer":"","product":"","serial":"","sku":"","uuid":"49cb96c2-6cd1-4492-8c50-1e525e6ed65a","version":""}],"sockets":0,"ssh_forward_ip":null,"ssh_host":"192.168.0.14","ssh_port":"22","ssh_private_key":null,"ssh_user":null,"sshkeys":"ssh-ed25519 AAAAC3NzaC1lZDI1NTE5AAAAIDwC01G8nJScuxp7Cga8uUsnHUW2IpXXiiTw1gzhEL4P RyzenWindows\n","startup":"","tablet":true,"tags":"docker;megalo_server;standalone","target_node":"moo-moo","target_nodes":null,"timeouts":null,"tpm_state":[],"unused_disk":[],"usb":[],"usbs":[],"vcpus":0,"vga":[],"vm_state":"running","vmid":1012},"sensitive_attributes":[[{"type":"get_attr","value":"cipassword"}],[{"type":"get_attr","value":"sshkeys"}],[{"type":"get_attr","value":"ssh_private_key"}]],"private":"eyJlMmJmYjczMC1lY2FhLTExZTYtOGY4OC0zNDM2M2JjN2M0YzAiOnsiY3JlYXRlIjoxMjAwMDAwMDAwMDAwLCJkZWZhdWx0IjoxMjAwMDAwMDAwMDAwLCJkZWxldGUiOjEyMDAwMDAwMDAwMDAsInJlYWQiOjEyMDAwMDAwMDAwMDAsInVwZGF0ZSI6MTIwMDAwMDAwMDAwMH19"}]},{"module":"module.qemu_groups[\"yuda_server\"]","mode":"managed","type":"proxmox_vm_qemu","name":"server","provider":"provider[\"registry.opentofu.org/telmate/proxmox\"]","instances":[{"index_key":"yuda","schema_version":0,"attributes":{"additional_wait":5,"agent":1,"agent_timeout":90,"args":"","automatic_reboot":true,"balloon":0,"bios":"ovmf","boot":"order=virtio0;net0","bootdisk":"","ci_wait":null,"cicustom":null,"cipassword":"dev","ciupgrade":true,"ciuser":"dev","clone":"ubuntu-cloud-init","clone_id":null,"clone_wait":10,"cores":0,"cpu":[{"affinity":"","cores":2,"flags":[],"limit":0,"numa":false,"sockets":1,"type":"host","units":0,"vcores":0}],"cpu_type":"","current_node":"moo-moo","default_ipv4_address":"192.168.0.13","default_ipv6_address":"","define_connection_info":true,"desc":"Managed by Terraform.","disk":[],"disks":[{"ide":[{"ide0":[],"ide1":[{"cdrom":[],"cloudinit":[{"storage":"local-lvm"}],"disk":[],"ignore":false,"passthrough":[]}],"ide2":[],"ide3":[]}],"sata":[],"scsi":[],"virtio":[{"virtio0":[{"cdrom":[],"disk":[{"asyncio":"","backup":true,"cache":"","discard":true,"format":"raw","id":1,"iops_r_burst":0,"iops_r_burst_length":0,"iops_r_concurrent":0,"iops_wr_burst":0,"iops_wr_burst_length":0,"iops_wr_concurrent":0,"iothread":true,"linked_disk_id":-1,"mbps_r_burst":0,"mbps_r_concurrent":0,"mbps_wr_burst":0,"mbps_wr_concurrent":0,"readonly":false,"replicate":false,"serial":"","size":"20G","storage":"local-lvm","wwn":""}],"ignore":false,"passthrough":[]}],"virtio1":[],"virtio10":[],"virtio11":[],"virtio12":[],"virtio13":[],"virtio14":[],"virtio15":[],"virtio2":[],"virtio3":[],"virtio4":[],"virtio5":[],"virtio6":[],"virtio7":[],"virtio8":[],"virtio9":[]}]}],"efidisk":[],"force_create":false,"force_recreate_on_change_of":null,"full_clone":true,"hagroup":"","hastate":"","hostpci":[],"hotplug":"network,disk,usb","id":"moo-moo/qemu/1011","ipconfig0":"ip=192.168.0.13/24,gw=192.168.0.1","ipconfig1":null,"ipconfig10":null,"ipconfig11":null,"ipconfig12":null,"ipconfig13":null,"ipconfig14":null,"ipconfig15":null,"ipconfig2":null,"ipconfig3":null,"ipconfig4":null,"ipconfig5":null,"ipconfig6":null,"ipconfig7":null,"ipconfig8":null,"ipconfig9":null,"kvm":true,"linked_vmid":0,"machine":"q35","memory":2048,"name":"yuda","nameserver":null,"network":[{"bridge":"vmbr0","firewall":false,"id":0,"link_down":false,"macaddr":"bc:24:11:31:00:a2","model":"virtio","mtu":0,"queues":0,"rate":0,"tag":0}],"numa":false,"onboot":false,"os_network_config":null,"os_type":"cloud-init","pci":[],"pcis":[],"pool":"","protection":false,"pxe":null,"qemu_os":"l26","reboot_required":false,"scsihw":"virtio-scsi-single","searchdomain":null,"serial":[{"id":0,"type":"socket"}],"skip_ipv4":false,"skip_ipv6":false,"smbios":[{"family":"","manufacturer":"","product":"","serial":"","sku":"","uuid":"9d27b015-16b4-45a7-a44b-9f610ff16d2c","version":""}],"sockets":0,"ssh_forward_ip":null,"ssh_host":"192.168.0.13","ssh_port":"22","ssh_private_key":null,"ssh_user":null,"sshkeys":"ssh-ed25519 AAAAC3NzaC1lZDI1NTE5AAAAIDwC01G8nJScuxp7Cga8uUsnHUW2IpXXiiTw1gzhEL4P RyzenWindows\n","startup":"","tablet":true,"tags":"standalone;yuda_server","target_node":"moo-moo","target_nodes":null,"timeouts":null,"tpm_state":[],"unused_disk":[],"usb":[],"usbs":[],"vcpus":0,"vga":[],"vm_state":"running","vmid":1011},"sensitive_attributes":[[{"type":"get_attr","value":"cipassword"}],[{"type":"get_attr","value":"sshkeys"}],[{"type":"get_attr","value":"ssh_private_key"}]],"private":"eyJlMmJmYjczMC1lY2FhLTExZTYtOGY4OC0zNDM2M2JjN2M0YzAiOnsiY3JlYXRlIjoxMjAwMDAwMDAwMDAwLCJkZWZhdWx0IjoxMjAwMDAwMDAwMDAwLCJkZWxldGUiOjEyMDAwMDAwMDAwMDAsInJlYWQiOjEyMDAwMDAwMDAwMDAsInVwZGF0ZSI6MTIwMDAwMDAwMDAwMH19"}]}],"check_results":[{"object_kind":"var","config_addr":"var.resource_groups","status":"pass","objects":[{"object_addr":"var.resource_groups","status":"pass"}]},{"object_kind":"check","config_addr":"check.workspace_guardrail","status":"pass","objects":[{"object_addr":"check.workspace_guardrail","status":"pass"}]},{"object_kind":"var","config_addr":"var.proxmox_connection","status":"pass","objects":[{"object_addr":"var.proxmox_connection","status":"pass"}]}]}
